// !$*UTF8*$!
{
	archiveVersion = 1;
	classes = {
	};
	objectVersion = 56;
	objects = {

/* Begin PBXBuildFile section */
		EDDBA43F2BE36AA000799F30 /* AppDelegate.swift in Sources */ = {isa = PBXBuildFile; fileRef = EDDBA43E2BE36AA000799F30 /* AppDelegate.swift */; };
		EDDBA4412BE36AA000799F30 /* SceneDelegate.swift in Sources */ = {isa = PBXBuildFile; fileRef = EDDBA4402BE36AA000799F30 /* SceneDelegate.swift */; };
		EDDBA4432BE36AA000799F30 /* ViewController.swift in Sources */ = {isa = PBXBuildFile; fileRef = EDDBA4422BE36AA000799F30 /* ViewController.swift */; };
		EDDBA4462BE36AA000799F30 /* Base in Resources */ = {isa = PBXBuildFile; fileRef = EDDBA4452BE36AA000799F30 /* Base */; };
		EDDBA4482BE36AA400799F30 /* Assets.xcassets in Resources */ = {isa = PBXBuildFile; fileRef = EDDBA4472BE36AA400799F30 /* Assets.xcassets */; };
		EDDBA44B2BE36AA400799F30 /* Base in Resources */ = {isa = PBXBuildFile; fileRef = EDDBA44A2BE36AA400799F30 /* Base */; };
		EDDBA4562BE36AA400799F30 /* HW_08Tests.swift in Sources */ = {isa = PBXBuildFile; fileRef = EDDBA4552BE36AA400799F30 /* HW_08Tests.swift */; };
		EDDBA4602BE36AA400799F30 /* HW_08UITests.swift in Sources */ = {isa = PBXBuildFile; fileRef = EDDBA45F2BE36AA400799F30 /* HW_08UITests.swift */; };
		EDDBA4622BE36AA400799F30 /* HW_08UITestsLaunchTests.swift in Sources */ = {isa = PBXBuildFile; fileRef = EDDBA4612BE36AA400799F30 /* HW_08UITestsLaunchTests.swift */; };
/* End PBXBuildFile section */

/* Begin PBXContainerItemProxy section */
		EDDBA4522BE36AA400799F30 /* PBXContainerItemProxy */ = {
			isa = PBXContainerItemProxy;
			containerPortal = EDDBA4332BE36AA000799F30 /* Project object */;
			proxyType = 1;
			remoteGlobalIDString = EDDBA43A2BE36AA000799F30;
			remoteInfo = "HW-08";
		};
		EDDBA45C2BE36AA400799F30 /* PBXContainerItemProxy */ = {
			isa = PBXContainerItemProxy;
			containerPortal = EDDBA4332BE36AA000799F30 /* Project object */;
			proxyType = 1;
			remoteGlobalIDString = EDDBA43A2BE36AA000799F30;
			remoteInfo = "HW-08";
		};
/* End PBXContainerItemProxy section */

/* Begin PBXFileReference section */
		EDDBA43B2BE36AA000799F30 /* HW-08.app */ = {isa = PBXFileReference; explicitFileType = wrapper.application; includeInIndex = 0; path = "HW-08.app"; sourceTree = BUILT_PRODUCTS_DIR; };
		EDDBA43E2BE36AA000799F30 /* AppDelegate.swift */ = {isa = PBXFileReference; lastKnownFileType = sourcecode.swift; path = AppDelegate.swift; sourceTree = "<group>"; };
		EDDBA4402BE36AA000799F30 /* SceneDelegate.swift */ = {isa = PBXFileReference; lastKnownFileType = sourcecode.swift; path = SceneDelegate.swift; sourceTree = "<group>"; };
		EDDBA4422BE36AA000799F30 /* ViewController.swift */ = {isa = PBXFileReference; lastKnownFileType = sourcecode.swift; path = ViewController.swift; sourceTree = "<group>"; };
		EDDBA4452BE36AA000799F30 /* Base */ = {isa = PBXFileReference; lastKnownFileType = file.storyboard; name = Base; path = Base.lproj/Main.storyboard; sourceTree = "<group>"; };
		EDDBA4472BE36AA400799F30 /* Assets.xcassets */ = {isa = PBXFileReference; lastKnownFileType = folder.assetcatalog; path = Assets.xcassets; sourceTree = "<group>"; };
		EDDBA44A2BE36AA400799F30 /* Base */ = {isa = PBXFileReference; lastKnownFileType = file.storyboard; name = Base; path = Base.lproj/LaunchScreen.storyboard; sourceTree = "<group>"; };
		EDDBA44C2BE36AA400799F30 /* Info.plist */ = {isa = PBXFileReference; lastKnownFileType = text.plist.xml; path = Info.plist; sourceTree = "<group>"; };
		EDDBA4512BE36AA400799F30 /* HW-08Tests.xctest */ = {isa = PBXFileReference; explicitFileType = wrapper.cfbundle; includeInIndex = 0; path = "HW-08Tests.xctest"; sourceTree = BUILT_PRODUCTS_DIR; };
		EDDBA4552BE36AA400799F30 /* HW_08Tests.swift */ = {isa = PBXFileReference; lastKnownFileType = sourcecode.swift; path = HW_08Tests.swift; sourceTree = "<group>"; };
		EDDBA45B2BE36AA400799F30 /* HW-08UITests.xctest */ = {isa = PBXFileReference; explicitFileType = wrapper.cfbundle; includeInIndex = 0; path = "HW-08UITests.xctest"; sourceTree = BUILT_PRODUCTS_DIR; };
		EDDBA45F2BE36AA400799F30 /* HW_08UITests.swift */ = {isa = PBXFileReference; lastKnownFileType = sourcecode.swift; path = HW_08UITests.swift; sourceTree = "<group>"; };
		EDDBA4612BE36AA400799F30 /* HW_08UITestsLaunchTests.swift */ = {isa = PBXFileReference; lastKnownFileType = sourcecode.swift; path = HW_08UITestsLaunchTests.swift; sourceTree = "<group>"; };
/* End PBXFileReference section */

/* Begin PBXFrameworksBuildPhase section */
		EDDBA4382BE36AA000799F30 /* Frameworks */ = {
			isa = PBXFrameworksBuildPhase;
			buildActionMask = 2147483647;
			files = (
			);
			runOnlyForDeploymentPostprocessing = 0;
		};
		EDDBA44E2BE36AA400799F30 /* Frameworks */ = {
			isa = PBXFrameworksBuildPhase;
			buildActionMask = 2147483647;
			files = (
			);
			runOnlyForDeploymentPostprocessing = 0;
		};
		EDDBA4582BE36AA400799F30 /* Frameworks */ = {
			isa = PBXFrameworksBuildPhase;
			buildActionMask = 2147483647;
			files = (
			);
			runOnlyForDeploymentPostprocessing = 0;
		};
/* End PBXFrameworksBuildPhase section */

/* Begin PBXGroup section */
		EDDBA4322BE36AA000799F30 = {
			isa = PBXGroup;
			children = (
				EDDBA43D2BE36AA000799F30 /* HW-08 */,
				EDDBA4542BE36AA400799F30 /* HW-08Tests */,
				EDDBA45E2BE36AA400799F30 /* HW-08UITests */,
				EDDBA43C2BE36AA000799F30 /* Products */,
			);
			sourceTree = "<group>";
		};
		EDDBA43C2BE36AA000799F30 /* Products */ = {
			isa = PBXGroup;
			children = (
				EDDBA43B2BE36AA000799F30 /* HW-08.app */,
				EDDBA4512BE36AA400799F30 /* HW-08Tests.xctest */,
				EDDBA45B2BE36AA400799F30 /* HW-08UITests.xctest */,
			);
			name = Products;
			sourceTree = "<group>";
		};
		EDDBA43D2BE36AA000799F30 /* HW-08 */ = {
			isa = PBXGroup;
			children = (
				EDDBA43E2BE36AA000799F30 /* AppDelegate.swift */,
				EDDBA4402BE36AA000799F30 /* SceneDelegate.swift */,
				EDDBA4422BE36AA000799F30 /* ViewController.swift */,
				EDDBA4442BE36AA000799F30 /* Main.storyboard */,
				EDDBA4472BE36AA400799F30 /* Assets.xcassets */,
				EDDBA4492BE36AA400799F30 /* LaunchScreen.storyboard */,
				EDDBA44C2BE36AA400799F30 /* Info.plist */,
			);
			path = "HW-08";
			sourceTree = "<group>";
		};
		EDDBA4542BE36AA400799F30 /* HW-08Tests */ = {
			isa = PBXGroup;
			children = (
				EDDBA4552BE36AA400799F30 /* HW_08Tests.swift */,
			);
			path = "HW-08Tests";
			sourceTree = "<group>";
		};
		EDDBA45E2BE36AA400799F30 /* HW-08UITests */ = {
			isa = PBXGroup;
			children = (
				EDDBA45F2BE36AA400799F30 /* HW_08UITests.swift */,
				EDDBA4612BE36AA400799F30 /* HW_08UITestsLaunchTests.swift */,
			);
			path = "HW-08UITests";
			sourceTree = "<group>";
		};
/* End PBXGroup section */

/* Begin PBXNativeTarget section */
		EDDBA43A2BE36AA000799F30 /* HW-08 */ = {
			isa = PBXNativeTarget;
			buildConfigurationList = EDDBA4652BE36AA400799F30 /* Build configuration list for PBXNativeTarget "HW-08" */;
			buildPhases = (
				EDDBA4372BE36AA000799F30 /* Sources */,
				EDDBA4382BE36AA000799F30 /* Frameworks */,
				EDDBA4392BE36AA000799F30 /* Resources */,
			);
			buildRules = (
			);
			dependencies = (
			);
			name = "HW-08";
			productName = "HW-08";
			productReference = EDDBA43B2BE36AA000799F30 /* HW-08.app */;
			productType = "com.apple.product-type.application";
		};
		EDDBA4502BE36AA400799F30 /* HW-08Tests */ = {
			isa = PBXNativeTarget;
			buildConfigurationList = EDDBA4682BE36AA400799F30 /* Build configuration list for PBXNativeTarget "HW-08Tests" */;
			buildPhases = (
				EDDBA44D2BE36AA400799F30 /* Sources */,
				EDDBA44E2BE36AA400799F30 /* Frameworks */,
				EDDBA44F2BE36AA400799F30 /* Resources */,
			);
			buildRules = (
			);
			dependencies = (
				EDDBA4532BE36AA400799F30 /* PBXTargetDependency */,
			);
			name = "HW-08Tests";
			productName = "HW-08Tests";
			productReference = EDDBA4512BE36AA400799F30 /* HW-08Tests.xctest */;
			productType = "com.apple.product-type.bundle.unit-test";
		};
		EDDBA45A2BE36AA400799F30 /* HW-08UITests */ = {
			isa = PBXNativeTarget;
			buildConfigurationList = EDDBA46B2BE36AA400799F30 /* Build configuration list for PBXNativeTarget "HW-08UITests" */;
			buildPhases = (
				EDDBA4572BE36AA400799F30 /* Sources */,
				EDDBA4582BE36AA400799F30 /* Frameworks */,
				EDDBA4592BE36AA400799F30 /* Resources */,
			);
			buildRules = (
			);
			dependencies = (
				EDDBA45D2BE36AA400799F30 /* PBXTargetDependency */,
			);
			name = "HW-08UITests";
			productName = "HW-08UITests";
			productReference = EDDBA45B2BE36AA400799F30 /* HW-08UITests.xctest */;
			productType = "com.apple.product-type.bundle.ui-testing";
		};
/* End PBXNativeTarget section */

/* Begin PBXProject section */
		EDDBA4332BE36AA000799F30 /* Project object */ = {
			isa = PBXProject;
			attributes = {
				BuildIndependentTargetsInParallel = 1;
				LastSwiftUpdateCheck = 1530;
				LastUpgradeCheck = 1530;
				TargetAttributes = {
					EDDBA43A2BE36AA000799F30 = {
						CreatedOnToolsVersion = 15.3;
					};
					EDDBA4502BE36AA400799F30 = {
						CreatedOnToolsVersion = 15.3;
						TestTargetID = EDDBA43A2BE36AA000799F30;
					};
					EDDBA45A2BE36AA400799F30 = {
						CreatedOnToolsVersion = 15.3;
						TestTargetID = EDDBA43A2BE36AA000799F30;
					};
				};
			};
			buildConfigurationList = EDDBA4362BE36AA000799F30 /* Build configuration list for PBXProject "HW-08" */;
			compatibilityVersion = "Xcode 14.0";
			developmentRegion = en;
			hasScannedForEncodings = 0;
			knownRegions = (
				en,
				Base,
			);
			mainGroup = EDDBA4322BE36AA000799F30;
			productRefGroup = EDDBA43C2BE36AA000799F30 /* Products */;
			projectDirPath = "";
			projectRoot = "";
			targets = (
				EDDBA43A2BE36AA000799F30 /* HW-08 */,
				EDDBA4502BE36AA400799F30 /* HW-08Tests */,
				EDDBA45A2BE36AA400799F30 /* HW-08UITests */,
			);
		};
/* End PBXProject section */

/* Begin PBXResourcesBuildPhase section */
		EDDBA4392BE36AA000799F30 /* Resources */ = {
			isa = PBXResourcesBuildPhase;
			buildActionMask = 2147483647;
			files = (
				EDDBA4482BE36AA400799F30 /* Assets.xcassets in Resources */,
				EDDBA44B2BE36AA400799F30 /* Base in Resources */,
				EDDBA4462BE36AA000799F30 /* Base in Resources */,
			);
			runOnlyForDeploymentPostprocessing = 0;
		};
		EDDBA44F2BE36AA400799F30 /* Resources */ = {
			isa = PBXResourcesBuildPhase;
			buildActionMask = 2147483647;
			files = (
			);
			runOnlyForDeploymentPostprocessing = 0;
		};
		EDDBA4592BE36AA400799F30 /* Resources */ = {
			isa = PBXResourcesBuildPhase;
			buildActionMask = 2147483647;
			files = (
			);
			runOnlyForDeploymentPostprocessing = 0;
		};
/* End PBXResourcesBuildPhase section */

/* Begin PBXSourcesBuildPhase section */
		EDDBA4372BE36AA000799F30 /* Sources */ = {
			isa = PBXSourcesBuildPhase;
			buildActionMask = 2147483647;
			files = (
				EDDBA4432BE36AA000799F30 /* ViewController.swift in Sources */,
				EDDBA43F2BE36AA000799F30 /* AppDelegate.swift in Sources */,
				EDDBA4412BE36AA000799F30 /* SceneDelegate.swift in Sources */,
			);
			runOnlyForDeploymentPostprocessing = 0;
		};
		EDDBA44D2BE36AA400799F30 /* Sources */ = {
			isa = PBXSourcesBuildPhase;
			buildActionMask = 2147483647;
			files = (
				EDDBA4562BE36AA400799F30 /* HW_08Tests.swift in Sources */,
			);
			runOnlyForDeploymentPostprocessing = 0;
		};
		EDDBA4572BE36AA400799F30 /* Sources */ = {
			isa = PBXSourcesBuildPhase;
			buildActionMask = 2147483647;
			files = (
				EDDBA4602BE36AA400799F30 /* HW_08UITests.swift in Sources */,
				EDDBA4622BE36AA400799F30 /* HW_08UITestsLaunchTests.swift in Sources */,
			);
			runOnlyForDeploymentPostprocessing = 0;
		};
/* End PBXSourcesBuildPhase section */

/* Begin PBXTargetDependency section */
		EDDBA4532BE36AA400799F30 /* PBXTargetDependency */ = {
			isa = PBXTargetDependency;
			target = EDDBA43A2BE36AA000799F30 /* HW-08 */;
			targetProxy = EDDBA4522BE36AA400799F30 /* PBXContainerItemProxy */;
		};
		EDDBA45D2BE36AA400799F30 /* PBXTargetDependency */ = {
			isa = PBXTargetDependency;
			target = EDDBA43A2BE36AA000799F30 /* HW-08 */;
			targetProxy = EDDBA45C2BE36AA400799F30 /* PBXContainerItemProxy */;
		};
/* End PBXTargetDependency section */

/* Begin PBXVariantGroup section */
		EDDBA4442BE36AA000799F30 /* Main.storyboard */ = {
			isa = PBXVariantGroup;
			children = (
				EDDBA4452BE36AA000799F30 /* Base */,
			);
			name = Main.storyboard;
			sourceTree = "<group>";
		};
		EDDBA4492BE36AA400799F30 /* LaunchScreen.storyboard */ = {
			isa = PBXVariantGroup;
			children = (
				EDDBA44A2BE36AA400799F30 /* Base */,
			);
			name = LaunchScreen.storyboard;
			sourceTree = "<group>";
		};
/* End PBXVariantGroup section */

/* Begin XCBuildConfiguration section */
		EDDBA4632BE36AA400799F30 /* Debug */ = {
			isa = XCBuildConfiguration;
			buildSettings = {
				ALWAYS_SEARCH_USER_PATHS = NO;
				ASSETCATALOG_COMPILER_GENERATE_SWIFT_ASSET_SYMBOL_EXTENSIONS = YES;
				CLANG_ANALYZER_NONNULL = YES;
				CLANG_ANALYZER_NUMBER_OBJECT_CONVERSION = YES_AGGRESSIVE;
				CLANG_CXX_LANGUAGE_STANDARD = "gnu++20";
				CLANG_ENABLE_MODULES = YES;
				CLANG_ENABLE_OBJC_ARC = YES;
				CLANG_ENABLE_OBJC_WEAK = YES;
				CLANG_WARN_BLOCK_CAPTURE_AUTORELEASING = YES;
				CLANG_WARN_BOOL_CONVERSION = YES;
				CLANG_WARN_COMMA = YES;
				CLANG_WARN_CONSTANT_CONVERSION = YES;
				CLANG_WARN_DEPRECATED_OBJC_IMPLEMENTATIONS = YES;
				CLANG_WARN_DIRECT_OBJC_ISA_USAGE = YES_ERROR;
				CLANG_WARN_DOCUMENTATION_COMMENTS = YES;
				CLANG_WARN_EMPTY_BODY = YES;
				CLANG_WARN_ENUM_CONVERSION = YES;
				CLANG_WARN_INFINITE_RECURSION = YES;
				CLANG_WARN_INT_CONVERSION = YES;
				CLANG_WARN_NON_LITERAL_NULL_CONVERSION = YES;
				CLANG_WARN_OBJC_IMPLICIT_RETAIN_SELF = YES;
				CLANG_WARN_OBJC_LITERAL_CONVERSION = YES;
				CLANG_WARN_OBJC_ROOT_CLASS = YES_ERROR;
				CLANG_WARN_QUOTED_INCLUDE_IN_FRAMEWORK_HEADER = YES;
				CLANG_WARN_RANGE_LOOP_ANALYSIS = YES;
				CLANG_WARN_STRICT_PROTOTYPES = YES;
				CLANG_WARN_SUSPICIOUS_MOVE = YES;
				CLANG_WARN_UNGUARDED_AVAILABILITY = YES_AGGRESSIVE;
				CLANG_WARN_UNREACHABLE_CODE = YES;
				CLANG_WARN__DUPLICATE_METHOD_MATCH = YES;
				COPY_PHASE_STRIP = NO;
				DEBUG_INFORMATION_FORMAT = dwarf;
				ENABLE_STRICT_OBJC_MSGSEND = YES;
				ENABLE_TESTABILITY = YES;
				ENABLE_USER_SCRIPT_SANDBOXING = YES;
				GCC_C_LANGUAGE_STANDARD = gnu17;
				GCC_DYNAMIC_NO_PIC = NO;
				GCC_NO_COMMON_BLOCKS = YES;
				GCC_OPTIMIZATION_LEVEL = 0;
				GCC_PREPROCESSOR_DEFINITIONS = (
					"DEBUG=1",
					"$(inherited)",
				);
				GCC_WARN_64_TO_32_BIT_CONVERSION = YES;
				GCC_WARN_ABOUT_RETURN_TYPE = YES_ERROR;
				GCC_WARN_UNDECLARED_SELECTOR = YES;
				GCC_WARN_UNINITIALIZED_AUTOS = YES_AGGRESSIVE;
				GCC_WARN_UNUSED_FUNCTION = YES;
				GCC_WARN_UNUSED_VARIABLE = YES;
				IPHONEOS_DEPLOYMENT_TARGET = 17.4;
				LOCALIZATION_PREFERS_STRING_CATALOGS = YES;
				MTL_ENABLE_DEBUG_INFO = INCLUDE_SOURCE;
				MTL_FAST_MATH = YES;
				ONLY_ACTIVE_ARCH = YES;
				SDKROOT = iphoneos;
				SWIFT_ACTIVE_COMPILATION_CONDITIONS = "DEBUG $(inherited)";
				SWIFT_OPTIMIZATION_LEVEL = "-Onone";
			};
			name = Debug;
		};
		EDDBA4642BE36AA400799F30 /* Release */ = {
			isa = XCBuildConfiguration;
			buildSettings = {
				ALWAYS_SEARCH_USER_PATHS = NO;
				ASSETCATALOG_COMPILER_GENERATE_SWIFT_ASSET_SYMBOL_EXTENSIONS = YES;
				CLANG_ANALYZER_NONNULL = YES;
				CLANG_ANALYZER_NUMBER_OBJECT_CONVERSION = YES_AGGRESSIVE;
				CLANG_CXX_LANGUAGE_STANDARD = "gnu++20";
				CLANG_ENABLE_MODULES = YES;
				CLANG_ENABLE_OBJC_ARC = YES;
				CLANG_ENABLE_OBJC_WEAK = YES;
				CLANG_WARN_BLOCK_CAPTURE_AUTORELEASING = YES;
				CLANG_WARN_BOOL_CONVERSION = YES;
				CLANG_WARN_COMMA = YES;
				CLANG_WARN_CONSTANT_CONVERSION = YES;
				CLANG_WARN_DEPRECATED_OBJC_IMPLEMENTATIONS = YES;
				CLANG_WARN_DIRECT_OBJC_ISA_USAGE = YES_ERROR;
				CLANG_WARN_DOCUMENTATION_COMMENTS = YES;
				CLANG_WARN_EMPTY_BODY = YES;
				CLANG_WARN_ENUM_CONVERSION = YES;
				CLANG_WARN_INFINITE_RECURSION = YES;
				CLANG_WARN_INT_CONVERSION = YES;
				CLANG_WARN_NON_LITERAL_NULL_CONVERSION = YES;
				CLANG_WARN_OBJC_IMPLICIT_RETAIN_SELF = YES;
				CLANG_WARN_OBJC_LITERAL_CONVERSION = YES;
				CLANG_WARN_OBJC_ROOT_CLASS = YES_ERROR;
				CLANG_WARN_QUOTED_INCLUDE_IN_FRAMEWORK_HEADER = YES;
				CLANG_WARN_RANGE_LOOP_ANALYSIS = YES;
				CLANG_WARN_STRICT_PROTOTYPES = YES;
				CLANG_WARN_SUSPICIOUS_MOVE = YES;
				CLANG_WARN_UNGUARDED_AVAILABILITY = YES_AGGRESSIVE;
				CLANG_WARN_UNREACHABLE_CODE = YES;
				CLANG_WARN__DUPLICATE_METHOD_MATCH = YES;
				COPY_PHASE_STRIP = NO;
				DEBUG_INFORMATION_FORMAT = "dwarf-with-dsym";
				ENABLE_NS_ASSERTIONS = NO;
				ENABLE_STRICT_OBJC_MSGSEND = YES;
				ENABLE_USER_SCRIPT_SANDBOXING = YES;
				GCC_C_LANGUAGE_STANDARD = gnu17;
				GCC_NO_COMMON_BLOCKS = YES;
				GCC_WARN_64_TO_32_BIT_CONVERSION = YES;
				GCC_WARN_ABOUT_RETURN_TYPE = YES_ERROR;
				GCC_WARN_UNDECLARED_SELECTOR = YES;
				GCC_WARN_UNINITIALIZED_AUTOS = YES_AGGRESSIVE;
				GCC_WARN_UNUSED_FUNCTION = YES;
				GCC_WARN_UNUSED_VARIABLE = YES;
				IPHONEOS_DEPLOYMENT_TARGET = 17.4;
				LOCALIZATION_PREFERS_STRING_CATALOGS = YES;
				MTL_ENABLE_DEBUG_INFO = NO;
				MTL_FAST_MATH = YES;
				SDKROOT = iphoneos;
				SWIFT_COMPILATION_MODE = wholemodule;
				VALIDATE_PRODUCT = YES;
			};
			name = Release;
		};
		EDDBA4662BE36AA400799F30 /* Debug */ = {
			isa = XCBuildConfiguration;
			buildSettings = {
				ASSETCATALOG_COMPILER_APPICON_NAME = AppIcon;
				ASSETCATALOG_COMPILER_GLOBAL_ACCENT_COLOR_NAME = AccentColor;
				CODE_SIGN_STYLE = Automatic;
				CURRENT_PROJECT_VERSION = 1;
				GENERATE_INFOPLIST_FILE = YES;
				INFOPLIST_FILE = "HW-08/Info.plist";
				INFOPLIST_KEY_UIApplicationSupportsIndirectInputEvents = YES;
				INFOPLIST_KEY_UILaunchStoryboardName = LaunchScreen;
				INFOPLIST_KEY_UIMainStoryboardFile = Main;
				INFOPLIST_KEY_UISupportedInterfaceOrientations_iPad = "UIInterfaceOrientationPortrait UIInterfaceOrientationPortraitUpsideDown UIInterfaceOrientationLandscapeLeft UIInterfaceOrientationLandscapeRight";
				INFOPLIST_KEY_UISupportedInterfaceOrientations_iPhone = "UIInterfaceOrientationPortrait UIInterfaceOrientationLandscapeLeft UIInterfaceOrientationLandscapeRight";
				LD_RUNPATH_SEARCH_PATHS = (
					"$(inherited)",
					"@executable_path/Frameworks",
				);
				MARKETING_VERSION = 1.0;
				PRODUCT_BUNDLE_IDENTIFIER = "classes.HW-08";
				PRODUCT_NAME = "$(TARGET_NAME)";
				SWIFT_EMIT_LOC_STRINGS = YES;
				SWIFT_VERSION = 5.0;
				TARGETED_DEVICE_FAMILY = "1,2";
			};
			name = Debug;
		};
		EDDBA4672BE36AA400799F30 /* Release */ = {
			isa = XCBuildConfiguration;
			buildSettings = {
				ASSETCATALOG_COMPILER_APPICON_NAME = AppIcon;
				ASSETCATALOG_COMPILER_GLOBAL_ACCENT_COLOR_NAME = AccentColor;
				CODE_SIGN_STYLE = Automatic;
				CURRENT_PROJECT_VERSION = 1;
				GENERATE_INFOPLIST_FILE = YES;
				INFOPLIST_FILE = "HW-08/Info.plist";
				INFOPLIST_KEY_UIApplicationSupportsIndirectInputEvents = YES;
				INFOPLIST_KEY_UILaunchStoryboardName = LaunchScreen;
				INFOPLIST_KEY_UIMainStoryboardFile = Main;
				INFOPLIST_KEY_UISupportedInterfaceOrientations_iPad = "UIInterfaceOrientationPortrait UIInterfaceOrientationPortraitUpsideDown UIInterfaceOrientationLandscapeLeft UIInterfaceOrientationLandscapeRight";
				INFOPLIST_KEY_UISupportedInterfaceOrientations_iPhone = "UIInterfaceOrientationPortrait UIInterfaceOrientationLandscapeLeft UIInterfaceOrientationLandscapeRight";
				LD_RUNPATH_SEARCH_PATHS = (
					"$(inherited)",
					"@executable_path/Frameworks",
				);
				MARKETING_VERSION = 1.0;
				PRODUCT_BUNDLE_IDENTIFIER = "classes.HW-08";
				PRODUCT_NAME = "$(TARGET_NAME)";
				SWIFT_EMIT_LOC_STRINGS = YES;
				SWIFT_VERSION = 5.0;
				TARGETED_DEVICE_FAMILY = "1,2";
			};
			name = Release;
		};
		EDDBA4692BE36AA400799F30 /* Debug */ = {
			isa = XCBuildConfiguration;
			buildSettings = {
				ALWAYS_EMBED_SWIFT_STANDARD_LIBRARIES = YES;
				BUNDLE_LOADER = "$(TEST_HOST)";
				CODE_SIGN_STYLE = Automatic;
				CURRENT_PROJECT_VERSION = 1;
				GENERATE_INFOPLIST_FILE = YES;
				IPHONEOS_DEPLOYMENT_TARGET = 17.4;
				MARKETING_VERSION = 1.0;
				PRODUCT_BUNDLE_IDENTIFIER = "classes.HW-08Tests";
				PRODUCT_NAME = "$(TARGET_NAME)";
				SWIFT_EMIT_LOC_STRINGS = NO;
				SWIFT_VERSION = 5.0;
				TARGETED_DEVICE_FAMILY = "1,2";
				TEST_HOST = "$(BUILT_PRODUCTS_DIR)/HW-08.app/$(BUNDLE_EXECUTABLE_FOLDER_PATH)/HW-08";
			};
			name = Debug;
		};
		EDDBA46A2BE36AA400799F30 /* Release */ = {
			isa = XCBuildConfiguration;
			buildSettings = {
				ALWAYS_EMBED_SWIFT_STANDARD_LIBRARIES = YES;
				BUNDLE_LOADER = "$(TEST_HOST)";
				CODE_SIGN_STYLE = Automatic;
				CURRENT_PROJECT_VERSION = 1;
				GENERATE_INFOPLIST_FILE = YES;
				IPHONEOS_DEPLOYMENT_TARGET = 17.4;
				MARKETING_VERSION = 1.0;
				PRODUCT_BUNDLE_IDENTIFIER = "classes.HW-08Tests";
				PRODUCT_NAME = "$(TARGET_NAME)";
				SWIFT_EMIT_LOC_STRINGS = NO;
				SWIFT_VERSION = 5.0;
				TARGETED_DEVICE_FAMILY = "1,2";
				TEST_HOST = "$(BUILT_PRODUCTS_DIR)/HW-08.app/$(BUNDLE_EXECUTABLE_FOLDER_PATH)/HW-08";
			};
			name = Release;
		};
		EDDBA46C2BE36AA400799F30 /* Debug */ = {
			isa = XCBuildConfiguration;
			buildSettings = {
				ALWAYS_EMBED_SWIFT_STANDARD_LIBRARIES = YES;
				CODE_SIGN_STYLE = Automatic;
				CURRENT_PROJECT_VERSION = 1;
				GENERATE_INFOPLIST_FILE = YES;
				MARKETING_VERSION = 1.0;
				PRODUCT_BUNDLE_IDENTIFIER = "classes.HW-08UITests";
				PRODUCT_NAME = "$(TARGET_NAME)";
				SWIFT_EMIT_LOC_STRINGS = NO;
				SWIFT_VERSION = 5.0;
				TARGETED_DEVICE_FAMILY = "1,2";
				TEST_TARGET_NAME = "HW-08";
			};
			name = Debug;
		};
		EDDBA46D2BE36AA400799F30 /* Release */ = {
			isa = XCBuildConfiguration;
			buildSettings = {
				ALWAYS_EMBED_SWIFT_STANDARD_LIBRARIES = YES;
				CODE_SIGN_STYLE = Automatic;
				CURRENT_PROJECT_VERSION = 1;
				GENERATE_INFOPLIST_FILE = YES;
				MARKETING_VERSION = 1.0;
				PRODUCT_BUNDLE_IDENTIFIER = "classes.HW-08UITests";
				PRODUCT_NAME = "$(TARGET_NAME)";
				SWIFT_EMIT_LOC_STRINGS = NO;
				SWIFT_VERSION = 5.0;
				TARGETED_DEVICE_FAMILY = "1,2";
				TEST_TARGET_NAME = "HW-08";
			};
			name = Release;
		};
/* End XCBuildConfiguration section */

/* Begin XCConfigurationList section */
		EDDBA4362BE36AA000799F30 /* Build configuration list for PBXProject "HW-08" */ = {
			isa = XCConfigurationList;
			buildConfigurations = (
				EDDBA4632BE36AA400799F30 /* Debug */,
				EDDBA4642BE36AA400799F30 /* Release */,
			);
			defaultConfigurationIsVisible = 0;
			defaultConfigurationName = Release;
		};
		EDDBA4652BE36AA400799F30 /* Build configuration list for PBXNativeTarget "HW-08" */ = {
			isa = XCConfigurationList;
			buildConfigurations = (
				EDDBA4662BE36AA400799F30 /* Debug */,
				EDDBA4672BE36AA400799F30 /* Release */,
			);
			defaultConfigurationIsVisible = 0;
			defaultConfigurationName = Release;
		};
		EDDBA4682BE36AA400799F30 /* Build configuration list for PBXNativeTarget "HW-08Tests" */ = {
			isa = XCConfigurationList;
			buildConfigurations = (
				EDDBA4692BE36AA400799F30 /* Debug */,
				EDDBA46A2BE36AA400799F30 /* Release */,
			);
			defaultConfigurationIsVisible = 0;
			defaultConfigurationName = Release;
		};
		EDDBA46B2BE36AA400799F30 /* Build configuration list for PBXNativeTarget "HW-08UITests" */ = {
			isa = XCConfigurationList;
			buildConfigurations = (
				EDDBA46C2BE36AA400799F30 /* Debug */,
				EDDBA46D2BE36AA400799F30 /* Release */,
			);
			defaultConfigurationIsVisible = 0;
			defaultConfigurationName = Release;
		};
/* End XCConfigurationList section */
	};
	rootObject = EDDBA4332BE36AA000799F30 /* Project object */;
}
